{
    "name": "erp-market-desktop",
    "version": "1.0.0",
    "lockfileVersion": 3,
    "requires": true,
    "packages": {
        "": {
            "name": "erp-market-desktop",
            "version": "1.0.0",
            "dependencies": {
                "@electron-toolkit/utils": "^3.0.0",
                "electron-store": "^8.2.0",
                "sql.js": "^1.11.0"
            },
            "devDependencies": {
                "@electron-toolkit/preload": "^3.0.0",
                "@electron-toolkit/tsconfig": "^2.0.0",
                "@tailwindcss/vite": "^4.2.1",
                "@vitejs/plugin-react": "^4.3.1",
                "electron": "^41.2.0",
                "electron-builder": "^25.1.8",
                "electron-vite": "^2.3.0",
                "tailwindcss": "^4.2.1",
                "typescript": "^5.5.4"
            }
        },
        "../node_modules/.pnpm/@electron-toolkit+preload@3.0.2_electron@41.2.0/node_modules/@electron-toolkit/preload": {
            "version": "3.0.2",
            "dev": true,
            "license": "MIT",
            "peerDependencies": {
                "electron": ">=13.0.0"
            }
        },
        "../node_modules/.pnpm/@electron-toolkit+tsconfig@2.0.0_@types+node@24.12.2/node_modules/@electron-toolkit/tsconfig": {
            "version": "2.0.0",
            "dev": true,
            "license": "MIT",
            "peerDependencies": {
                "@types/node": "*"
            }
        },
        "../node_modules/.pnpm/@electron-toolkit+utils@3.0.0_electron@41.2.0/node_modules/@electron-toolkit/utils": {
            "version": "3.0.0",
            "license": "MIT",
            "peerDependencies": {
                "electron": ">=13.0.0"
            }
        },
        "../node_modules/.pnpm/@prisma+adapter-better-sqlite3@7.7.0/node_modules/@prisma/adapter-better-sqlite3": {
            "version": "7.7.0",
            "extraneous": true,
            "license": "Apache-2.0",
            "dependencies": {
                "@prisma/driver-adapter-utils": "7.7.0",
                "better-sqlite3": "^12.6.0"
            },
            "devDependencies": {
                "@types/better-sqlite3": "7.6.12",
                "async-mutex": "0.5.0"
            }
        },
        "../node_modules/.pnpm/@prisma+adapter-pg@7.7.0/node_modules/@prisma/adapter-pg": {
            "version": "7.7.0",
            "extraneous": true,
            "license": "Apache-2.0",
            "dependencies": {
                "@prisma/driver-adapter-utils": "7.7.0",
                "@types/pg": "^8.16.0",
                "pg": "^8.16.3",
                "postgres-array": "3.0.4"
            },
            "devDependencies": {
                "@prisma/debug": "7.7.0"
            }
        },
        "../node_modules/.pnpm/@prisma+client@7.7.0_prisma_4a5cf833eca48e5eaf711f1d29782dc3/node_modules/@prisma/client": {
            "version": "7.7.0",
            "extraneous": true,
            "license": "Apache-2.0",
            "dependencies": {
                "@prisma/client-runtime-utils": "7.7.0"
            },
            "devDependencies": {
                "@cloudflare/workers-types": "^4.20251014.0",
                "@codspeed/benchmark.js-plugin": "4.0.0",
                "@faker-js/faker": "9.6.0",
                "@fast-check/jest": "2.0.3",
                "@hono/node-server": "1.19.0",
                "@inquirer/prompts": "7.3.3",
                "@jest/create-cache-key-function": "29.7.0",
                "@jest/globals": "29.7.0",
                "@jest/test-sequencer": "29.7.0",
                "@libsql/client": "0.8.1",
                "@neondatabase/serverless": "0.10.2",
                "@opentelemetry/api": "1.9.0",
                "@opentelemetry/context-async-hooks": "2.1.0",
                "@opentelemetry/instrumentation": "0.206.0",
                "@opentelemetry/resources": "2.1.0",
                "@opentelemetry/sdk-trace-base": "2.1.0",
                "@opentelemetry/semantic-conventions": "1.37.0",
                "@planetscale/database": "1.19.0",
                "@prisma/adapter-better-sqlite3": "7.7.0",
                "@prisma/adapter-d1": "7.7.0",
                "@prisma/adapter-libsql": "7.7.0",
                "@prisma/adapter-mariadb": "7.7.0",
                "@prisma/adapter-mssql": "7.7.0",
                "@prisma/adapter-neon": "7.7.0",
                "@prisma/adapter-pg": "7.7.0",
                "@prisma/adapter-planetscale": "7.7.0",
                "@prisma/client-common": "7.7.0",
                "@prisma/client-engine-runtime": "7.7.0",
                "@prisma/client-generator-js": "7.7.0",
                "@prisma/client-generator-ts": "7.7.0",
                "@prisma/config": "7.7.0",
                "@prisma/debug": "7.7.0",
                "@prisma/dmmf": "7.7.0",
                "@prisma/driver-adapter-utils": "7.7.0",
                "@prisma/engines": "7.7.0",
                "@prisma/engines-version": "7.6.0-1.75cbdc1eb7150937890ad5465d861175c6624711",
                "@prisma/fetch-engine": "7.7.0",
                "@prisma/generator": "7.7.0",
                "@prisma/generator-helper": "7.7.0",
                "@prisma/get-platform": "7.7.0",
                "@prisma/instrumentation": "7.7.0",
                "@prisma/instrumentation-contract": "7.7.0",
                "@prisma/internals": "7.7.0",
                "@prisma/json-protocol": "7.7.0",
                "@prisma/migrate": "7.7.0",
                "@prisma/param-graph": "7.7.0",
                "@prisma/param-graph-builder": "7.7.0",
                "@prisma/query-compiler-wasm": "7.6.0-1.75cbdc1eb7150937890ad5465d861175c6624711",
                "@prisma/query-plan-executor": "7.7.0",
                "@prisma/sqlcommenter": "7.7.0",
                "@prisma/sqlcommenter-trace-context": "7.7.0",
                "@prisma/ts-builders": "7.7.0",
                "@snaplet/copycat": "6.0.0",
                "@swc-node/register": "1.10.9",
                "@swc/core": "1.11.5",
                "@swc/jest": "0.2.37",
                "@timsuchanek/copy": "1.4.5",
                "@types/debug": "4.1.12",
                "@types/fs-extra": "11.0.4",
                "@types/jest": "29.5.14",
                "@types/js-levenshtein": "1.1.3",
                "@types/mssql": "9.1.8",
                "@types/node": "~20.19.24",
                "@types/pg": "8.11.11",
                "arg": "5.0.2",
                "benchmark": "2.1.4",
                "cookie-es": "2.0.0",
                "execa": "8.0.1",
                "expect-type": "1.2.2",
                "fs-extra": "11.3.0",
                "get-stream": "6.0.1",
                "globby": "11.1.0",
                "indent-string": "4.0.0",
                "jest": "29.7.0",
                "jest-extended": "4.0.2",
                "jest-junit": "16.0.0",
                "jest-serializer-ansi-escapes": "4.0.0",
                "jest-snapshot": "29.7.0",
                "js-levenshtein": "1.1.6",
                "kleur": "4.1.5",
                "klona": "2.0.6",
                "mariadb": "3.4.5",
                "memfs": "4.17.2",
                "mssql": "11.0.1",
                "new-github-issue-url": "0.2.1",
                "p-retry": "4.6.2",
                "pg": "8.14.1",
                "resolve": "1.22.10",
                "simple-statistics": "7.8.8",
                "sort-keys": "5.1.0",
                "source-map-support": "0.5.21",
                "stacktrace-parser": "0.1.11",
                "strip-ansi": "7.1.0",
                "strip-indent": "4.0.0",
                "tempy": "3.0.0",
                "ts-pattern": "5.6.2",
                "tsd": "0.31.2",
                "typescript": "5.4.5",
                "undici": "7.4.0",
                "zx": "8.4.1"
            },
            "engines": {
                "node": "^20.19 || ^22.12 || >=24.0"
            },
            "peerDependencies": {
                "prisma": "*",
                "typescript": ">=5.4.0"
            },
            "peerDependenciesMeta": {
                "prisma": {
                    "optional": true
                },
                "typescript": {
                    "optional": true
                }
            }
        },
        "../node_modules/.pnpm/@tailwindcss+vite@4.2.1_vit_f8a3004bf9d6ebee097b19f5f49903b1/node_modules/@tailwindcss/vite": {
            "version": "4.2.1",
            "dev": true,
            "license": "MIT",
            "dependencies": {
                "@tailwindcss/node": "4.2.1",
                "@tailwindcss/oxide": "4.2.1",
                "tailwindcss": "4.2.1"
            },
            "devDependencies": {
                "@types/node": "^20.19.0",
                "vite": "^7.3.1"
            },
            "peerDependencies": {
                "vite": "^5.2.0 || ^6 || ^7"
            }
        },
        "../node_modules/.pnpm/@vitejs+plugin-react@4.7.0__020926f2ff23058db3441bb38cad2d51/node_modules/@vitejs/plugin-react": {
            "version": "4.7.0",
            "dev": true,
            "license": "MIT",
            "dependencies": {
                "@babel/core": "^7.28.0",
                "@babel/plugin-transform-react-jsx-self": "^7.27.1",
                "@babel/plugin-transform-react-jsx-source": "^7.27.1",
                "@rolldown/pluginutils": "1.0.0-beta.27",
                "@types/babel__core": "^7.20.5",
                "react-refresh": "^0.17.0"
            },
            "devDependencies": {
                "@vitejs/react-common": "workspace:*",
                "babel-plugin-react-compiler": "19.1.0-rc.2",
                "react": "^19.1.0",
                "react-dom": "^19.1.0",
                "rolldown": "1.0.0-beta.27",
                "tsdown": "^0.12.9",
                "vitest": "^3.2.4"
            },
            "engines": {
                "node": "^14.18.0 || >=16.0.0"
            },
            "peerDependencies": {
                "vite": "^4.2.0 || ^5.0.0 || ^6.0.0 || ^7.0.0"
            }
        },
        "../node_modules/.pnpm/better-sqlite3@12.8.0/node_modules/better-sqlite3": {
            "version": "12.8.0",
            "extraneous": true,
            "hasInstallScript": true,
            "license": "MIT",
            "dependencies": {
                "bindings": "^1.5.0",
                "prebuild-install": "^7.1.1"
            },
            "devDependencies": {
                "chai": "^4.3.8",
                "cli-color": "^2.0.3",
                "fs-extra": "^11.1.1",
                "mocha": "^10.2.0",
                "nodemark": "^0.3.0",
                "prebuild": "^13.0.1",
                "sqlite": "^5.0.1",
                "sqlite3": "^5.1.6"
            },
            "engines": {
                "node": "20.x || 22.x || 23.x || 24.x || 25.x"
            }
        },
        "../node_modules/.pnpm/electron-builder@25.1.8_ele_51d3854c946349715af5c2898679b81d/node_modules/electron-builder": {
            "version": "25.1.8",
            "dev": true,
            "license": "MIT",
            "dependencies": {
                "app-builder-lib": "25.1.8",
                "builder-util": "25.1.7",
                "builder-util-runtime": "9.2.10",
                "chalk": "^4.1.2",
                "dmg-builder": "25.1.8",
                "fs-extra": "^10.1.0",
                "is-ci": "^3.0.0",
                "lazy-val": "^1.0.5",
                "simple-update-notifier": "2.0.0",
                "yargs": "^17.6.2"
            },
            "bin": {
                "electron-builder": "cli.js",
                "install-app-deps": "install-app-deps.js"
            },
            "devDependencies": {
                "@types/fs-extra": "9.0.13",
                "@types/is-ci": "3.0.0",
                "@types/yargs": "^17.0.16"
            },
            "engines": {
                "node": ">=14.0.0"
            }
        },
        "../node_modules/.pnpm/electron-store@8.2.0/node_modules/electron-store": {
            "version": "8.2.0",
            "license": "MIT",
            "dependencies": {
                "conf": "^10.2.0",
                "type-fest": "^2.17.0"
            },
            "devDependencies": {
                "ava": "^2.4.0",
                "electron": "^12.0.4",
                "execa": "^5.0.0",
                "tsd": "^0.14.0",
                "xo": "^0.38.2"
            },
            "funding": {
                "url": "https://github.com/sponsors/sindresorhus"
            }
        },
        "../node_modules/.pnpm/electron-vite@2.3.0_vite@5._08193be6ff34021f34c0c3c0a0de660c/node_modules/electron-vite": {
            "version": "2.3.0",
            "dev": true,
            "license": "MIT",
            "dependencies": {
                "@babel/core": "^7.24.7",
                "@babel/plugin-transform-arrow-functions": "^7.24.7",
                "cac": "^6.7.14",
                "esbuild": "^0.21.5",
                "magic-string": "^0.30.10",
                "picocolors": "^1.0.1"
            },
            "bin": {
                "electron-vite": "bin/electron-vite.js"
            },
            "devDependencies": {
                "@rollup/plugin-json": "^6.1.0",
                "@rollup/plugin-node-resolve": "^15.2.3",
                "@rollup/plugin-typescript": "^11.1.6",
                "@swc/core": "^1.6.5",
                "@types/node": "^18.19.39",
                "@typescript-eslint/eslint-plugin": "^7.13.1",
                "@typescript-eslint/parser": "^7.13.1",
                "eslint": "^8.57.0",
                "eslint-config-prettier": "^9.1.0",
                "eslint-plugin-prettier": "^5.1.3",
                "lint-staged": "^15.2.7",
                "prettier": "^3.3.2",
                "rollup": "^4.18.0",
                "rollup-plugin-dts": "^6.1.1",
                "rollup-plugin-rm": "^1.0.2",
                "simple-git-hooks": "^2.11.1",
                "tslib": "^2.6.3",
                "typescript": "^5.3.3",
                "vite": "^5.3.1"
            },
            "engines": {
                "node": "^18.0.0 || >=20.0.0"
            },
            "peerDependencies": {
                "@swc/core": "^1.0.0",
                "vite": "^4.0.0 || ^5.0.0"
            },
            "peerDependenciesMeta": {
                "@swc/core": {
                    "optional": true
                }
            }
        },
        "../node_modules/.pnpm/electron@41.2.0/node_modules/electron": {
            "version": "41.2.0",
            "dev": true,
            "hasInstallScript": true,
            "license": "MIT",
            "dependencies": {
                "@electron/get": "^2.0.0",
                "@types/node": "^24.9.0",
                "extract-zip": "^2.0.1"
            },
            "bin": {
                "electron": "cli.js"
            },
            "engines": {
                "node": ">= 12.20.55"
            }
        },
        "../node_modules/.pnpm/pg@8.20.0/node_modules/pg": {
            "version": "8.20.0",
            "extraneous": true,
            "license": "MIT",
            "dependencies": {
                "pg-connection-string": "^2.12.0",
                "pg-pool": "^3.13.0",
                "pg-protocol": "^1.13.0",
                "pg-types": "2.2.0",
                "pgpass": "1.0.5"
            },
            "devDependencies": {
                "@cloudflare/vitest-pool-workers": "0.8.23",
                "@cloudflare/workers-types": "^4.20230404.0",
                "async": "2.6.4",
                "bluebird": "3.7.2",
                "co": "4.6.0",
                "pg-copy-streams": "0.3.0",
                "typescript": "^4.0.3",
                "vitest": "~3.0.9",
                "wrangler": "^3.x"
            },
            "engines": {
                "node": ">= 16.0.0"
            },
            "optionalDependencies": {
                "pg-cloudflare": "^1.3.0"
            },
            "peerDependencies": {
                "pg-native": ">=3.0.1"
            },
            "peerDependenciesMeta": {
                "pg-native": {
                    "optional": true
                }
            }
        },
        "../node_modules/.pnpm/tailwindcss@4.2.1/node_modules/tailwindcss": {
            "version": "4.2.1",
            "dev": true,
            "license": "MIT",
            "devDependencies": {
                "@jridgewell/remapping": "^2.3.5",
                "@tailwindcss/oxide": "^4.2.1",
                "@types/node": "^20.19.0",
                "dedent": "1.7.1",
                "lightningcss": "1.31.1",
                "magic-string": "^0.30.21",
                "source-map-js": "^1.2.1"
            }
        },
        "../node_modules/.pnpm/typescript@5.9.3/node_modules/typescript": {
            "version": "5.9.3",
            "dev": true,
            "license": "Apache-2.0",
            "bin": {
                "tsc": "bin/tsc",
                "tsserver": "bin/tsserver"
            },
            "devDependencies": {
                "@dprint/formatter": "^0.4.1",
                "@dprint/typescript": "0.93.4",
                "@esfx/canceltoken": "^1.0.0",
                "@eslint/js": "^9.20.0",
                "@octokit/rest": "^21.1.1",
                "@types/chai": "^4.3.20",
                "@types/diff": "^7.0.1",
                "@types/minimist": "^1.2.5",
                "@types/mocha": "^10.0.10",
                "@types/ms": "^0.7.34",
                "@types/node": "latest",
                "@types/source-map-support": "^0.5.10",
                "@types/which": "^3.0.4",
                "@typescript-eslint/rule-tester": "^8.24.1",
                "@typescript-eslint/type-utils": "^8.24.1",
                "@typescript-eslint/utils": "^8.24.1",
                "azure-devops-node-api": "^14.1.0",
                "c8": "^10.1.3",
                "chai": "^4.5.0",
                "chokidar": "^4.0.3",
                "diff": "^7.0.0",
                "dprint": "^0.49.0",
                "esbuild": "^0.25.0",
                "eslint": "^9.20.1",
                "eslint-formatter-autolinkable-stylish": "^1.4.0",
                "eslint-plugin-regexp": "^2.7.0",
                "fast-xml-parser": "^4.5.2",
                "glob": "^10.4.5",
                "globals": "^15.15.0",
                "hereby": "^1.10.0",
                "jsonc-parser": "^3.3.1",
                "knip": "^5.44.4",
                "minimist": "^1.2.8",
                "mocha": "^10.8.2",
                "mocha-fivemat-progress-reporter": "^0.1.0",
                "monocart-coverage-reports": "^2.12.1",
                "ms": "^2.1.3",
                "picocolors": "^1.1.1",
                "playwright": "^1.50.1",
                "source-map-support": "^0.5.21",
                "tslib": "^2.8.1",
                "typescript": "^5.7.3",
                "typescript-eslint": "^8.24.1",
                "which": "^3.0.1"
            },
            "engines": {
                "node": ">=14.17"
            }
        },
        "node_modules/@electron-toolkit/preload": {
            "resolved": "../node_modules/.pnpm/@electron-toolkit+preload@3.0.2_electron@41.2.0/node_modules/@electron-toolkit/preload",
            "link": true
        },
        "node_modules/@electron-toolkit/tsconfig": {
            "resolved": "../node_modules/.pnpm/@electron-toolkit+tsconfig@2.0.0_@types+node@24.12.2/node_modules/@electron-toolkit/tsconfig",
            "link": true
        },
        "node_modules/@electron-toolkit/utils": {
            "resolved": "../node_modules/.pnpm/@electron-toolkit+utils@3.0.0_electron@41.2.0/node_modules/@electron-toolkit/utils",
            "link": true
        },
        "node_modules/@tailwindcss/vite": {
            "resolved": "../node_modules/.pnpm/@tailwindcss+vite@4.2.1_vit_f8a3004bf9d6ebee097b19f5f49903b1/node_modules/@tailwindcss/vite",
            "link": true
        },
        "node_modules/@vitejs/plugin-react": {
            "resolved": "../node_modules/.pnpm/@vitejs+plugin-react@4.7.0__020926f2ff23058db3441bb38cad2d51/node_modules/@vitejs/plugin-react",
            "link": true
        },
        "node_modules/electron": {
            "resolved": "../node_modules/.pnpm/electron@41.2.0/node_modules/electron",
            "link": true
        },
        "node_modules/electron-builder": {
            "resolved": "../node_modules/.pnpm/electron-builder@25.1.8_ele_51d3854c946349715af5c2898679b81d/node_modules/electron-builder",
            "link": true
        },
        "node_modules/electron-store": {
            "resolved": "../node_modules/.pnpm/electron-store@8.2.0/node_modules/electron-store",
            "link": true
        },
        "node_modules/electron-vite": {
            "resolved": "../node_modules/.pnpm/electron-vite@2.3.0_vite@5._08193be6ff34021f34c0c3c0a0de660c/node_modules/electron-vite",
            "link": true
        },
        "node_modules/sql.js": {
            "version": "1.14.1",
            "resolved": "https://registry.npmjs.org/sql.js/-/sql.js-1.14.1.tgz",
            "integrity": "sha512-gcj8zBWU5cFsi9WUP+4bFNXAyF1iRpA3LLyS/DP5xlrNzGmPIizUeBggKa8DbDwdqaKwUcTEnChtd2grWo/x/A==",
            "license": "MIT"
        },
        "node_modules/tailwindcss": {
            "resolved": "../node_modules/.pnpm/tailwindcss@4.2.1/node_modules/tailwindcss",
            "link": true
        },
        "node_modules/typescript": {
            "resolved": "../node_modules/.pnpm/typescript@5.9.3/node_modules/typescript",
            "link": true
        }
    }
}
